
Microsoft Visual Studio Solution File, Format Version 12.00
# Visual Studio 14
VisualStudioVersion = 14.0.25420.1
MinimumVisualStudioVersion = 10.0.40219.1
Project("{FAE04EC0-301F-11D3-BF4B-00C04F79EFBC}") = "App4.Droid", "App4\App4.Droid\App4.Droid.csproj", "{3FFAE16F-8749-4E39-9FC0-D2675B6ED5CB}"
EndProject
Project("{FAE04EC0-301F-11D3-BF4B-00C04F79EFBC}") = "App4.iOS", "App4\App4.iOS\App4.iOS.csproj", "{F5284701-D179-435E-9EDD-3957AF7DF4B7}"
EndProject
Project("{FAE04EC0-301F-11D3-BF4B-00C04F79EFBC}") = "App4.WinPhone", "App4\App4.WinPhone\App4.WinPhone.csproj", "{AE6249EB-0B06-4A4E-99EF-AB72A840F76A}"
EndProject
Project("{FAE04EC0-301F-11D3-BF4B-00C04F79EFBC}") = "App4.UWP", "App4\App4.UWP\App4.UWP.csproj", "{7A2975E5-6A53-4BE3-90B7-6CFE42619D1D}"
EndProject
Project("{FAE04EC0-301F-11D3-BF4B-00C04F79EFBC}") = "App4.Windows", "App4\App4.Windows\App4.Windows.csproj", "{E13112DD-48EA-4F2F-971A-64A1EA763627}"
EndProject
Project("{FAE04EC0-301F-11D3-BF4B-00C04F79EFBC}") = "App4", "App4\App4\App4.csproj", "{2CBB33CC-5C75-4FE2-B2E0-01FF3C941E8C}"
EndProject
Global
	GlobalSection(SolutionConfigurationPlatforms) = preSolution
		Ad-Hoc|Any CPU = Ad-Hoc|Any CPU
		Ad-Hoc|ARM = Ad-Hoc|ARM
		Ad-Hoc|iPhone = Ad-Hoc|iPhone
		Ad-Hoc|iPhoneSimulator = Ad-Hoc|iPhoneSimulator
		Ad-Hoc|x64 = Ad-Hoc|x64
		Ad-Hoc|x86 = Ad-Hoc|x86
		AppStore|Any CPU = AppStore|Any CPU
		AppStore|ARM = AppStore|ARM
		AppStore|iPhone = AppStore|iPhone
		AppStore|iPhoneSimulator = AppStore|iPhoneSimulator
		AppStore|x64 = AppStore|x64
		AppStore|x86 = AppStore|x86
		Debug|Any CPU = Debug|Any CPU
		Debug|ARM = Debug|ARM
		Debug|iPhone = Debug|iPhone
		Debug|iPhoneSimulator = Debug|iPhoneSimulator
		Debug|x64 = Debug|x64
		Debug|x86 = Debug|x86
		Release|Any CPU = Release|Any CPU
		Release|ARM = Release|ARM
		Release|iPhone = Release|iPhone
		Release|iPhoneSimulator = Release|iPhoneSimulator
		Release|x64 = Release|x64
		Release|x86 = Release|x86
	EndGlobalSection
	GlobalSection(ProjectConfigurationPlatforms) = postSolution
		{3FFAE16F-8749-4E39-9FC0-D2675B6ED5CB}.Ad-Hoc|Any CPU.ActiveCfg = Release|Any CPU
		{3FFAE16F-8749-4E39-9FC0-D2675B6ED5CB}.Ad-Hoc|Any CPU.Build.0 = Release|Any CPU
		{3FFAE16F-8749-4E39-9FC0-D2675B6ED5CB}.Ad-Hoc|Any CPU.Deploy.0 = Release|Any CPU
		{3FFAE16F-8749-4E39-9FC0-D2675B6ED5CB}.Ad-Hoc|ARM.ActiveCfg = Release|Any CPU
		{3FFAE16F-8749-4E39-9FC0-D2675B6ED5CB}.Ad-Hoc|ARM.Build.0 = Release|Any CPU
		{3FFAE16F-8749-4E39-9FC0-D2675B6ED5CB}.Ad-Hoc|ARM.Deploy.0 = Release|Any CPU
		{3FFAE16F-8749-4E39-9FC0-D2675B6ED5CB}.Ad-Hoc|iPhone.ActiveCfg = Release|Any CPU
		{3FFAE16F-8749-4E39-9FC0-D2675B6ED5CB}.Ad-Hoc|iPhone.Build.0 = Release|Any CPU
		{3FFAE16F-8749-4E39-9FC0-D2675B6ED5CB}.Ad-Hoc|iPhone.Deploy.0 = Release|Any CPU
		{3FFAE16F-8749-4E39-9FC0-D2675B6ED5CB}.Ad-Hoc|iPhoneSimulator.ActiveCfg = Release|Any CPU
		{3FFAE16F-8749-4E39-9FC0-D2675B6ED5CB}.Ad-Hoc|iPhoneSimulator.Build.0 = Release|Any CPU
		{3FFAE16F-8749-4E39-9FC0-D2675B6ED5CB}.Ad-Hoc|iPhoneSimulator.Deploy.0 = Release|Any CPU
		{3FFAE16F-8749-4E39-9FC0-D2675B6ED5CB}.Ad-Hoc|x64.ActiveCfg = Release|Any CPU
		{3FFAE16F-8749-4E39-9FC0-D2675B6ED5CB}.Ad-Hoc|x64.Build.0 = Release|Any CPU
		{3FFAE16F-8749-4E39-9FC0-D2675B6ED5CB}.Ad-Hoc|x64.Deploy.0 = Release|Any CPU
		{3FFAE16F-8749-4E39-9FC0-D2675B6ED5CB}.Ad-Hoc|x86.ActiveCfg = Release|Any CPU
		{3FFAE16F-8749-4E39-9FC0-D2675B6ED5CB}.Ad-Hoc|x86.Build.0 = Release|Any CPU
		{3FFAE16F-8749-4E39-9FC0-D2675B6ED5CB}.Ad-Hoc|x86.Deploy.0 = Release|Any CPU
		{3FFAE16F-8749-4E39-9FC0-D2675B6ED5CB}.AppStore|Any CPU.ActiveCfg = Release|Any CPU
		{3FFAE16F-8749-4E39-9FC0-D2675B6ED5CB}.AppStore|Any CPU.Build.0 = Release|Any CPU
		{3FFAE16F-8749-4E39-9FC0-D2675B6ED5CB}.AppStore|Any CPU.Deploy.0 = Release|Any CPU
		{3FFAE16F-8749-4E39-9FC0-D2675B6ED5CB}.AppStore|ARM.ActiveCfg = Release|Any CPU
		{3FFAE16F-8749-4E39-9FC0-D2675B6ED5CB}.AppStore|ARM.Build.0 = Release|Any CPU
		{3FFAE16F-8749-4E39-9FC0-D2675B6ED5CB}.AppStore|ARM.Deploy.0 = Release|Any CPU
		{3FFAE16F-8749-4E39-9FC0-D2675B6ED5CB}.AppStore|iPhone.ActiveCfg = Release|Any CPU
		{3FFAE16F-8749-4E39-9FC0-D2675B6ED5CB}.AppStore|iPhone.Build.0 = Release|Any CPU
		{3FFAE16F-8749-4E39-9FC0-D2675B6ED5CB}.AppStore|iPhone.Deploy.0 = Release|Any CPU
		{3FFAE16F-8749-4E39-9FC0-D2675B6ED5CB}.AppStore|iPhoneSimulator.ActiveCfg = Release|Any CPU
		{3FFAE16F-8749-4E39-9FC0-D2675B6ED5CB}.AppStore|iPhoneSimulator.Build.0 = Release|Any CPU
		{3FFAE16F-8749-4E39-9FC0-D2675B6ED5CB}.AppStore|iPhoneSimulator.Deploy.0 = Release|Any CPU
		{3FFAE16F-8749-4E39-9FC0-D2675B6ED5CB}.AppStore|x64.ActiveCfg = Release|Any CPU
		{3FFAE16F-8749-4E39-9FC0-D2675B6ED5CB}.AppStore|x64.Build.0 = Release|Any CPU
		{3FFAE16F-8749-4E39-9FC0-D2675B6ED5CB}.AppStore|x64.Deploy.0 = Release|Any CPU
		{3FFAE16F-8749-4E39-9FC0-D2675B6ED5CB}.AppStore|x86.ActiveCfg = Release|Any CPU
		{3FFAE16F-8749-4E39-9FC0-D2675B6ED5CB}.AppStore|x86.Build.0 = Release|Any CPU
		{3FFAE16F-8749-4E39-9FC0-D2675B6ED5CB}.AppStore|x86.Deploy.0 = Release|Any CPU
		{3FFAE16F-8749-4E39-9FC0-D2675B6ED5CB}.Debug|Any CPU.ActiveCfg = Debug|Any CPU
		{3FFAE16F-8749-4E39-9FC0-D2675B6ED5CB}.Debug|ARM.ActiveCfg = Debug|Any CPU
		{3FFAE16F-8749-4E39-9FC0-D2675B6ED5CB}.Debug|ARM.Build.0 = Debug|Any CPU
		{3FFAE16F-8749-4E39-9FC0-D2675B6ED5CB}.Debug|ARM.Deploy.0 = Debug|Any CPU
		{3FFAE16F-8749-4E39-9FC0-D2675B6ED5CB}.Debug|iPhone.ActiveCfg = Debug|Any CPU
		{3FFAE16F-8749-4E39-9FC0-D2675B6ED5CB}.Debug|iPhone.Build.0 = Debug|Any CPU
		{3FFAE16F-8749-4E39-9FC0-D2675B6ED5CB}.Debug|iPhone.Deploy.0 = Debug|Any CPU
		{3FFAE16F-8749-4E39-9FC0-D2675B6ED5CB}.Debug|iPhoneSimulator.ActiveCfg = Debug|Any CPU
		{3FFAE16F-8749-4E39-9FC0-D2675B6ED5CB}.Debug|iPhoneSimulator.Build.0 = Debug|Any CPU
		{3FFAE16F-8749-4E39-9FC0-D2675B6ED5CB}.Debug|iPhoneSimulator.Deploy.0 = Debug|Any CPU
		{3FFAE16F-8749-4E39-9FC0-D2675B6ED5CB}.Debug|x64.ActiveCfg = Debug|Any CPU
		{3FFAE16F-8749-4E39-9FC0-D2675B6ED5CB}.Debug|x64.Build.0 = Debug|Any CPU
		{3FFAE16F-8749-4E39-9FC0-D2675B6ED5CB}.Debug|x64.Deploy.0 = Debug|Any CPU
		{3FFAE16F-8749-4E39-9FC0-D2675B6ED5CB}.Debug|x86.ActiveCfg = Debug|Any CPU
		{3FFAE16F-8749-4E39-9FC0-D2675B6ED5CB}.Debug|x86.Build.0 = Debug|Any CPU
		{3FFAE16F-8749-4E39-9FC0-D2675B6ED5CB}.Debug|x86.Deploy.0 = Debug|Any CPU
		{3FFAE16F-8749-4E39-9FC0-D2675B6ED5CB}.Release|Any CPU.ActiveCfg = Release|Any CPU
		{3FFAE16F-8749-4E39-9FC0-D2675B6ED5CB}.Release|Any CPU.Build.0 = Release|Any CPU
		{3FFAE16F-8749-4E39-9FC0-D2675B6ED5CB}.Release|Any CPU.Deploy.0 = Release|Any CPU
		{3FFAE16F-8749-4E39-9FC0-D2675B6ED5CB}.Release|ARM.ActiveCfg = Release|Any CPU
		{3FFAE16F-8749-4E39-9FC0-D2675B6ED5CB}.Release|ARM.Build.0 = Release|Any CPU
		{3FFAE16F-8749-4E39-9FC0-D2675B6ED5CB}.Release|ARM.Deploy.0 = Release|Any CPU
		{3FFAE16F-8749-4E39-9FC0-D2675B6ED5CB}.Release|iPhone.ActiveCfg = Release|Any CPU
		{3FFAE16F-8749-4E39-9FC0-D2675B6ED5CB}.Release|iPhone.Build.0 = Release|Any CPU
		{3FFAE16F-8749-4E39-9FC0-D2675B6ED5CB}.Release|iPhone.Deploy.0 = Release|Any CPU
		{3FFAE16F-8749-4E39-9FC0-D2675B6ED5CB}.Release|iPhoneSimulator.ActiveCfg = Release|Any CPU
		{3FFAE16F-8749-4E39-9FC0-D2675B6ED5CB}.Release|iPhoneSimulator.Build.0 = Release|Any CPU
		{3FFAE16F-8749-4E39-9FC0-D2675B6ED5CB}.Release|iPhoneSimulator.Deploy.0 = Release|Any CPU
		{3FFAE16F-8749-4E39-9FC0-D2675B6ED5CB}.Release|x64.ActiveCfg = Release|Any CPU
		{3FFAE16F-8749-4E39-9FC0-D2675B6ED5CB}.Release|x64.Build.0 = Release|Any CPU
		{3FFAE16F-8749-4E39-9FC0-D2675B6ED5CB}.Release|x64.Deploy.0 = Release|Any CPU
		{3FFAE16F-8749-4E39-9FC0-D2675B6ED5CB}.Release|x86.ActiveCfg = Release|Any CPU
		{3FFAE16F-8749-4E39-9FC0-D2675B6ED5CB}.Release|x86.Build.0 = Release|Any CPU
		{3FFAE16F-8749-4E39-9FC0-D2675B6ED5CB}.Release|x86.Deploy.0 = Release|Any CPU
		{F5284701-D179-435E-9EDD-3957AF7DF4B7}.Ad-Hoc|Any CPU.ActiveCfg = Ad-Hoc|iPhone
		{F5284701-D179-435E-9EDD-3957AF7DF4B7}.Ad-Hoc|ARM.ActiveCfg = Ad-Hoc|iPhone
		{F5284701-D179-435E-9EDD-3957AF7DF4B7}.Ad-Hoc|iPhone.ActiveCfg = Ad-Hoc|iPhone
		{F5284701-D179-435E-9EDD-3957AF7DF4B7}.Ad-Hoc|iPhone.Build.0 = Ad-Hoc|iPhone
		{F5284701-D179-435E-9EDD-3957AF7DF4B7}.Ad-Hoc|iPhoneSimulator.ActiveCfg = Ad-Hoc|iPhoneSimulator
		{F5284701-D179-435E-9EDD-3957AF7DF4B7}.Ad-Hoc|iPhoneSimulator.Build.0 = Ad-Hoc|iPhoneSimulator
		{F5284701-D179-435E-9EDD-3957AF7DF4B7}.Ad-Hoc|x64.ActiveCfg = Ad-Hoc|iPhone
		{F5284701-D179-435E-9EDD-3957AF7DF4B7}.Ad-Hoc|x86.ActiveCfg = Ad-Hoc|iPhone
		{F5284701-D179-435E-9EDD-3957AF7DF4B7}.AppStore|Any CPU.ActiveCfg = AppStore|iPhone
		{F5284701-D179-435E-9EDD-3957AF7DF4B7}.AppStore|ARM.ActiveCfg = AppStore|iPhone
		{F5284701-D179-435E-9EDD-3957AF7DF4B7}.AppStore|iPhone.ActiveCfg = AppStore|iPhone
		{F5284701-D179-435E-9EDD-3957AF7DF4B7}.AppStore|iPhone.Build.0 = AppStore|iPhone
		{F5284701-D179-435E-9EDD-3957AF7DF4B7}.AppStore|iPhoneSimulator.ActiveCfg = AppStore|iPhoneSimulator
		{F5284701-D179-435E-9EDD-3957AF7DF4B7}.AppStore|iPhoneSimulator.Build.0 = AppStore|iPhoneSimulator
		{F5284701-D179-435E-9EDD-3957AF7DF4B7}.AppStore|x64.ActiveCfg = AppStore|iPhone
		{F5284701-D179-435E-9EDD-3957AF7DF4B7}.AppStore|x86.ActiveCfg = AppStore|iPhone
		{F5284701-D179-435E-9EDD-3957AF7DF4B7}.Debug|Any CPU.ActiveCfg = Debug|iPhone
		{F5284701-D179-435E-9EDD-3957AF7DF4B7}.Debug|ARM.ActiveCfg = Debug|iPhone
		{F5284701-D179-435E-9EDD-3957AF7DF4B7}.Debug|iPhone.ActiveCfg = Debug|iPhone
		{F5284701-D179-435E-9EDD-3957AF7DF4B7}.Debug|iPhone.Build.0 = Debug|iPhone
		{F5284701-D179-435E-9EDD-3957AF7DF4B7}.Debug|iPhoneSimulator.ActiveCfg = Debug|iPhoneSimulator
		{F5284701-D179-435E-9EDD-3957AF7DF4B7}.Debug|iPhoneSimulator.Build.0 = Debug|iPhoneSimulator
		{F5284701-D179-435E-9EDD-3957AF7DF4B7}.Debug|x64.ActiveCfg = Debug|iPhone
		{F5284701-D179-435E-9EDD-3957AF7DF4B7}.Debug|x86.ActiveCfg = Debug|iPhone
		{F5284701-D179-435E-9EDD-3957AF7DF4B7}.Release|Any CPU.ActiveCfg = Release|iPhone
		{F5284701-D179-435E-9EDD-3957AF7DF4B7}.Release|ARM.ActiveCfg = Release|iPhone
		{F5284701-D179-435E-9EDD-3957AF7DF4B7}.Release|iPhone.ActiveCfg = Release|iPhone
		{F5284701-D179-435E-9EDD-3957AF7DF4B7}.Release|iPhone.Build.0 = Release|iPhone
		{F5284701-D179-435E-9EDD-3957AF7DF4B7}.Release|iPhoneSimulator.ActiveCfg = Release|iPhoneSimulator
		{F5284701-D179-435E-9EDD-3957AF7DF4B7}.Release|iPhoneSimulator.Build.0 = Release|iPhoneSimulator
		{F5284701-D179-435E-9EDD-3957AF7DF4B7}.Release|x64.ActiveCfg = Release|iPhone
		{F5284701-D179-435E-9EDD-3957AF7DF4B7}.Release|x86.ActiveCfg = Release|iPhone
		{AE6249EB-0B06-4A4E-99EF-AB72A840F76A}.Ad-Hoc|Any CPU.ActiveCfg = Release|Any CPU
		{AE6249EB-0B06-4A4E-99EF-AB72A840F76A}.Ad-Hoc|Any CPU.Build.0 = Release|Any CPU
		{AE6249EB-0B06-4A4E-99EF-AB72A840F76A}.Ad-Hoc|Any CPU.Deploy.0 = Release|Any CPU
		{AE6249EB-0B06-4A4E-99EF-AB72A840F76A}.Ad-Hoc|ARM.ActiveCfg = Release|ARM
		{AE6249EB-0B06-4A4E-99EF-AB72A840F76A}.Ad-Hoc|ARM.Build.0 = Release|ARM
		{AE6249EB-0B06-4A4E-99EF-AB72A840F76A}.Ad-Hoc|ARM.Deploy.0 = Release|ARM
		{AE6249EB-0B06-4A4E-99EF-AB72A840F76A}.Ad-Hoc|iPhone.ActiveCfg = Release|Any CPU
		{AE6249EB-0B06-4A4E-99EF-AB72A840F76A}.Ad-Hoc|iPhone.Build.0 = Release|Any CPU
		{AE6249EB-0B06-4A4E-99EF-AB72A840F76A}.Ad-Hoc|iPhone.Deploy.0 = Release|Any CPU
		{AE6249EB-0B06-4A4E-99EF-AB72A840F76A}.Ad-Hoc|iPhoneSimulator.ActiveCfg = Release|Any CPU
		{AE6249EB-0B06-4A4E-99EF-AB72A840F76A}.Ad-Hoc|iPhoneSimulator.Build.0 = Release|Any CPU
		{AE6249EB-0B06-4A4E-99EF-AB72A840F76A}.Ad-Hoc|iPhoneSimulator.Deploy.0 = Release|Any CPU
		{AE6249EB-0B06-4A4E-99EF-AB72A840F76A}.Ad-Hoc|x64.ActiveCfg = Release|Any CPU
		{AE6249EB-0B06-4A4E-99EF-AB72A840F76A}.Ad-Hoc|x64.Build.0 = Release|Any CPU
		{AE6249EB-0B06-4A4E-99EF-AB72A840F76A}.Ad-Hoc|x64.Deploy.0 = Release|Any CPU
		{AE6249EB-0B06-4A4E-99EF-AB72A840F76A}.Ad-Hoc|x86.ActiveCfg = Release|x86
		{AE6249EB-0B06-4A4E-99EF-AB72A840F76A}.Ad-Hoc|x86.Build.0 = Release|x86
		{AE6249EB-0B06-4A4E-99EF-AB72A840F76A}.Ad-Hoc|x86.Deploy.0 = Release|x86
		{AE6249EB-0B06-4A4E-99EF-AB72A840F76A}.AppStore|Any CPU.ActiveCfg = Release|Any CPU
		{AE6249EB-0B06-4A4E-99EF-AB72A840F76A}.AppStore|Any CPU.Build.0 = Release|Any CPU
		{AE6249EB-0B06-4A4E-99EF-AB72A840F76A}.AppStore|Any CPU.Deploy.0 = Release|Any CPU
		{AE6249EB-0B06-4A4E-99EF-AB72A840F76A}.AppStore|ARM.ActiveCfg = Release|ARM
		{AE6249EB-0B06-4A4E-99EF-AB72A840F76A}.AppStore|ARM.Build.0 = Release|ARM
		{AE6249EB-0B06-4A4E-99EF-AB72A840F76A}.AppStore|ARM.Deploy.0 = Release|ARM
		{AE6249EB-0B06-4A4E-99EF-AB72A840F76A}.AppStore|iPhone.ActiveCfg = Release|Any CPU
		{AE6249EB-0B06-4A4E-99EF-AB72A840F76A}.AppStore|iPhone.Build.0 = Release|Any CPU
		{AE6249EB-0B06-4A4E-99EF-AB72A840F76A}.AppStore|iPhone.Deploy.0 = Release|Any CPU
		{AE6249EB-0B06-4A4E-99EF-AB72A840F76A}.AppStore|iPhoneSimulator.ActiveCfg = Release|Any CPU
		{AE6249EB-0B06-4A4E-99EF-AB72A840F76A}.AppStore|iPhoneSimulator.Build.0 = Release|Any CPU
		{AE6249EB-0B06-4A4E-99EF-AB72A840F76A}.AppStore|iPhoneSimulator.Deploy.0 = Release|Any CPU
		{AE6249EB-0B06-4A4E-99EF-AB72A840F76A}.AppStore|x64.ActiveCfg = Release|Any CPU
		{AE6249EB-0B06-4A4E-99EF-AB72A840F76A}.AppStore|x64.Build.0 = Release|Any CPU
		{AE6249EB-0B06-4A4E-99EF-AB72A840F76A}.AppStore|x64.Deploy.0 = Release|Any CPU
		{AE6249EB-0B06-4A4E-99EF-AB72A840F76A}.AppStore|x86.ActiveCfg = Release|x86
		{AE6249EB-0B06-4A4E-99EF-AB72A840F76A}.AppStore|x86.Build.0 = Release|x86
		{AE6249EB-0B06-4A4E-99EF-AB72A840F76A}.AppStore|x86.Deploy.0 = Release|x86
		{AE6249EB-0B06-4A4E-99EF-AB72A840F76A}.Debug|Any CPU.ActiveCfg = Debug|Any CPU
		{AE6249EB-0B06-4A4E-99EF-AB72A840F76A}.Debug|ARM.ActiveCfg = Debug|ARM
		{AE6249EB-0B06-4A4E-99EF-AB72A840F76A}.Debug|ARM.Build.0 = Debug|ARM
		{AE6249EB-0B06-4A4E-99EF-AB72A840F76A}.Debug|ARM.Deploy.0 = Debug|ARM
		{AE6249EB-0B06-4A4E-99EF-AB72A840F76A}.Debug|iPhone.ActiveCfg = Debug|Any CPU
		{AE6249EB-0B06-4A4E-99EF-AB72A840F76A}.Debug|iPhone.Build.0 = Debug|Any CPU
		{AE6249EB-0B06-4A4E-99EF-AB72A840F76A}.Debug|iPhone.Deploy.0 = Debug|Any CPU
		{AE6249EB-0B06-4A4E-99EF-AB72A840F76A}.Debug|iPhoneSimulator.ActiveCfg = Debug|Any CPU
		{AE6249EB-0B06-4A4E-99EF-AB72A840F76A}.Debug|iPhoneSimulator.Build.0 = Debug|Any CPU
		{AE6249EB-0B06-4A4E-99EF-AB72A840F76A}.Debug|iPhoneSimulator.Deploy.0 = Debug|Any CPU
		{AE6249EB-0B06-4A4E-99EF-AB72A840F76A}.Debug|x64.ActiveCfg = Debug|Any CPU
		{AE6249EB-0B06-4A4E-99EF-AB72A840F76A}.Debug|x64.Build.0 = Debug|Any CPU
		{AE6249EB-0B06-4A4E-99EF-AB72A840F76A}.Debug|x64.Deploy.0 = Debug|Any CPU
		{AE6249EB-0B06-4A4E-99EF-AB72A840F76A}.Debug|x86.ActiveCfg = Debug|x86
		{AE6249EB-0B06-4A4E-99EF-AB72A840F76A}.Debug|x86.Build.0 = Debug|x86
		{AE6249EB-0B06-4A4E-99EF-AB72A840F76A}.Debug|x86.Deploy.0 = Debug|x86
		{AE6249EB-0B06-4A4E-99EF-AB72A840F76A}.Release|Any CPU.ActiveCfg = Release|Any CPU
		{AE6249EB-0B06-4A4E-99EF-AB72A840F76A}.Release|Any CPU.Build.0 = Release|Any CPU
		{AE6249EB-0B06-4A4E-99EF-AB72A840F76A}.Release|Any CPU.Deploy.0 = Release|Any CPU
		{AE6249EB-0B06-4A4E-99EF-AB72A840F76A}.Release|ARM.ActiveCfg = Release|ARM
		{AE6249EB-0B06-4A4E-99EF-AB72A840F76A}.Release|ARM.Build.0 = Release|ARM
		{AE6249EB-0B06-4A4E-99EF-AB72A840F76A}.Release|ARM.Deploy.0 = Release|ARM
		{AE6249EB-0B06-4A4E-99EF-AB72A840F76A}.Release|iPhone.ActiveCfg = Release|Any CPU
		{AE6249EB-0B06-4A4E-99EF-AB72A840F76A}.Release|iPhone.Build.0 = Release|Any CPU
		{AE6249EB-0B06-4A4E-99EF-AB72A840F76A}.Release|iPhone.Deploy.0 = Release|Any CPU
		{AE6249EB-0B06-4A4E-99EF-AB72A840F76A}.Release|iPhoneSimulator.ActiveCfg = Release|Any CPU
		{AE6249EB-0B06-4A4E-99EF-AB72A840F76A}.Release|iPhoneSimulator.Build.0 = Release|Any CPU
		{AE6249EB-0B06-4A4E-99EF-AB72A840F76A}.Release|iPhoneSimulator.Deploy.0 = Release|Any CPU
		{AE6249EB-0B06-4A4E-99EF-AB72A840F76A}.Release|x64.ActiveCfg = Release|Any CPU
		{AE6249EB-0B06-4A4E-99EF-AB72A840F76A}.Release|x64.Build.0 = Release|Any CPU
		{AE6249EB-0B06-4A4E-99EF-AB72A840F76A}.Release|x64.Deploy.0 = Release|Any CPU
		{AE6249EB-0B06-4A4E-99EF-AB72A840F76A}.Release|x86.ActiveCfg = Release|x86
		{AE6249EB-0B06-4A4E-99EF-AB72A840F76A}.Release|x86.Build.0 = Release|x86
		{AE6249EB-0B06-4A4E-99EF-AB72A840F76A}.Release|x86.Deploy.0 = Release|x86
		{7A2975E5-6A53-4BE3-90B7-6CFE42619D1D}.Ad-Hoc|Any CPU.ActiveCfg = Release|x86
		{7A2975E5-6A53-4BE3-90B7-6CFE42619D1D}.Ad-Hoc|Any CPU.Build.0 = Release|x86
		{7A2975E5-6A53-4BE3-90B7-6CFE42619D1D}.Ad-Hoc|Any CPU.Deploy.0 = Release|x86
		{7A2975E5-6A53-4BE3-90B7-6CFE42619D1D}.Ad-Hoc|ARM.ActiveCfg = Release|ARM
		{7A2975E5-6A53-4BE3-90B7-6CFE42619D1D}.Ad-Hoc|ARM.Build.0 = Release|ARM
		{7A2975E5-6A53-4BE3-90B7-6CFE42619D1D}.Ad-Hoc|ARM.Deploy.0 = Release|ARM
		{7A2975E5-6A53-4BE3-90B7-6CFE42619D1D}.Ad-Hoc|iPhone.ActiveCfg = Release|x86
		{7A2975E5-6A53-4BE3-90B7-6CFE42619D1D}.Ad-Hoc|iPhone.Build.0 = Release|x86
		{7A2975E5-6A53-4BE3-90B7-6CFE42619D1D}.Ad-Hoc|iPhone.Deploy.0 = Release|x86
		{7A2975E5-6A53-4BE3-90B7-6CFE42619D1D}.Ad-Hoc|iPhoneSimulator.ActiveCfg = Release|x86
		{7A2975E5-6A53-4BE3-90B7-6CFE42619D1D}.Ad-Hoc|iPhoneSimulator.Build.0 = Release|x86
		{7A2975E5-6A53-4BE3-90B7-6CFE42619D1D}.Ad-Hoc|iPhoneSimulator.Deploy.0 = Release|x86
		{7A2975E5-6A53-4BE3-90B7-6CFE42619D1D}.Ad-Hoc|x64.ActiveCfg = Release|x64
		{7A2975E5-6A53-4BE3-90B7-6CFE42619D1D}.Ad-Hoc|x64.Build.0 = Release|x64
		{7A2975E5-6A53-4BE3-90B7-6CFE42619D1D}.Ad-Hoc|x64.Deploy.0 = Release|x64
		{7A2975E5-6A53-4BE3-90B7-6CFE42619D1D}.Ad-Hoc|x86.ActiveCfg = Release|x86
		{7A2975E5-6A53-4BE3-90B7-6CFE42619D1D}.Ad-Hoc|x86.Build.0 = Release|x86
		{7A2975E5-6A53-4BE3-90B7-6CFE42619D1D}.Ad-Hoc|x86.Deploy.0 = Release|x86
		{7A2975E5-6A53-4BE3-90B7-6CFE42619D1D}.AppStore|Any CPU.ActiveCfg = Release|x86
		{7A2975E5-6A53-4BE3-90B7-6CFE42619D1D}.AppStore|Any CPU.Build.0 = Release|x86
		{7A2975E5-6A53-4BE3-90B7-6CFE42619D1D}.AppStore|Any CPU.Deploy.0 = Release|x86
		{7A2975E5-6A53-4BE3-90B7-6CFE42619D1D}.AppStore|ARM.ActiveCfg = Release|ARM
		{7A2975E5-6A53-4BE3-90B7-6CFE42619D1D}.AppStore|ARM.Build.0 = Release|ARM
		{7A2975E5-6A53-4BE3-90B7-6CFE42619D1D}.AppStore|ARM.Deploy.0 = Release|ARM
		{7A2975E5-6A53-4BE3-90B7-6CFE42619D1D}.AppStore|iPhone.ActiveCfg = Release|x86
		{7A2975E5-6A53-4BE3-90B7-6CFE42619D1D}.AppStore|iPhone.Build.0 = Release|x86
		{7A2975E5-6A53-4BE3-90B7-6CFE42619D1D}.AppStore|iPhone.Deploy.0 = Release|x86
		{7A2975E5-6A53-4BE3-90B7-6CFE42619D1D}.AppStore|iPhoneSimulator.ActiveCfg = Release|x86
		{7A2975E5-6A53-4BE3-90B7-6CFE42619D1D}.AppStore|iPhoneSimulator.Build.0 = Release|x86
		{7A2975E5-6A53-4BE3-90B7-6CFE42619D1D}.AppStore|iPhoneSimulator.Deploy.0 = Release|x86
		{7A2975E5-6A53-4BE3-90B7-6CFE42619D1D}.AppStore|x64.ActiveCfg = Release|x64
		{7A2975E5-6A53-4BE3-90B7-6CFE42619D1D}.AppStore|x64.Build.0 = Release|x64
		{7A2975E5-6A53-4BE3-90B7-6CFE42619D1D}.AppStore|x64.Deploy.0 = Release|x64
		{7A2975E5-6A53-4BE3-90B7-6CFE42619D1D}.AppStore|x86.ActiveCfg = Release|x86
		{7A2975E5-6A53-4BE3-90B7-6CFE42619D1D}.AppStore|x86.Build.0 = Release|x86
		{7A2975E5-6A53-4BE3-90B7-6CFE42619D1D}.AppStore|x86.Deploy.0 = Release|x86
		{7A2975E5-6A53-4BE3-90B7-6CFE42619D1D}.Debug|Any CPU.ActiveCfg = Debug|x86
		{7A2975E5-6A53-4BE3-90B7-6CFE42619D1D}.Debug|Any CPU.Build.0 = Debug|x86
		{7A2975E5-6A53-4BE3-90B7-6CFE42619D1D}.Debug|Any CPU.Deploy.0 = Debug|x86
		{7A2975E5-6A53-4BE3-90B7-6CFE42619D1D}.Debug|ARM.ActiveCfg = Debug|ARM
		{7A2975E5-6A53-4BE3-90B7-6CFE42619D1D}.Debug|ARM.Build.0 = Debug|ARM
		{7A2975E5-6A53-4BE3-90B7-6CFE42619D1D}.Debug|ARM.Deploy.0 = Debug|ARM
		{7A2975E5-6A53-4BE3-90B7-6CFE42619D1D}.Debug|iPhone.ActiveCfg = Debug|x86
		{7A2975E5-6A53-4BE3-90B7-6CFE42619D1D}.Debug|iPhoneSimulator.ActiveCfg = Debug|x86
		{7A2975E5-6A53-4BE3-90B7-6CFE42619D1D}.Debug|x64.ActiveCfg = Debug|x64
		{7A2975E5-6A53-4BE3-90B7-6CFE42619D1D}.Debug|x64.Build.0 = Debug|x64
		{7A2975E5-6A53-4BE3-90B7-6CFE42619D1D}.Debug|x64.Deploy.0 = Debug|x64
		{7A2975E5-6A53-4BE3-90B7-6CFE42619D1D}.Debug|x86.ActiveCfg = Debug|x86
		{7A2975E5-6A53-4BE3-90B7-6CFE42619D1D}.Debug|x86.Build.0 = Debug|x86
		{7A2975E5-6A53-4BE3-90B7-6CFE42619D1D}.Debug|x86.Deploy.0 = Debug|x86
		{7A2975E5-6A53-4BE3-90B7-6CFE42619D1D}.Release|Any CPU.ActiveCfg = Release|x86
		{7A2975E5-6A53-4BE3-90B7-6CFE42619D1D}.Release|ARM.ActiveCfg = Release|ARM
		{7A2975E5-6A53-4BE3-90B7-6CFE42619D1D}.Release|ARM.Build.0 = Release|ARM
		{7A2975E5-6A53-4BE3-90B7-6CFE42619D1D}.Release|ARM.Deploy.0 = Release|ARM
		{7A2975E5-6A53-4BE3-90B7-6CFE42619D1D}.Release|iPhone.ActiveCfg = Release|x86
		{7A2975E5-6A53-4BE3-90B7-6CFE42619D1D}.Release|iPhoneSimulator.ActiveCfg = Release|x86
		{7A2975E5-6A53-4BE3-90B7-6CFE42619D1D}.Release|x64.ActiveCfg = Release|x64
		{7A2975E5-6A53-4BE3-90B7-6CFE42619D1D}.Release|x64.Build.0 = Release|x64
		{7A2975E5-6A53-4BE3-90B7-6CFE42619D1D}.Release|x64.Deploy.0 = Release|x64
		{7A2975E5-6A53-4BE3-90B7-6CFE42619D1D}.Release|x86.ActiveCfg = Release|x86
		{7A2975E5-6A53-4BE3-90B7-6CFE42619D1D}.Release|x86.Build.0 = Release|x86
		{7A2975E5-6A53-4BE3-90B7-6CFE42619D1D}.Release|x86.Deploy.0 = Release|x86
		{E13112DD-48EA-4F2F-971A-64A1EA763627}.Ad-Hoc|Any CPU.ActiveCfg = Release|Any CPU
		{E13112DD-48EA-4F2F-971A-64A1EA763627}.Ad-Hoc|Any CPU.Build.0 = Release|Any CPU
		{E13112DD-48EA-4F2F-971A-64A1EA763627}.Ad-Hoc|Any CPU.Deploy.0 = Release|Any CPU
		{E13112DD-48EA-4F2F-971A-64A1EA763627}.Ad-Hoc|ARM.ActiveCfg = Release|ARM
		{E13112DD-48EA-4F2F-971A-64A1EA763627}.Ad-Hoc|ARM.Build.0 = Release|ARM
		{E13112DD-48EA-4F2F-971A-64A1EA763627}.Ad-Hoc|ARM.Deploy.0 = Release|ARM
		{E13112DD-48EA-4F2F-971A-64A1EA763627}.Ad-Hoc|iPhone.ActiveCfg = Release|Any CPU
		{E13112DD-48EA-4F2F-971A-64A1EA763627}.Ad-Hoc|iPhone.Build.0 = Release|Any CPU
		{E13112DD-48EA-4F2F-971A-64A1EA763627}.Ad-Hoc|iPhone.Deploy.0 = Release|Any CPU
		{E13112DD-48EA-4F2F-971A-64A1EA763627}.Ad-Hoc|iPhoneSimulator.ActiveCfg = Release|Any CPU
		{E13112DD-48EA-4F2F-971A-64A1EA763627}.Ad-Hoc|iPhoneSimulator.Build.0 = Release|Any CPU
		{E13112DD-48EA-4F2F-971A-64A1EA763627}.Ad-Hoc|iPhoneSimulator.Deploy.0 = Release|Any CPU
		{E13112DD-48EA-4F2F-971A-64A1EA763627}.Ad-Hoc|x64.ActiveCfg = Release|x64
		{E13112DD-48EA-4F2F-971A-64A1EA763627}.Ad-Hoc|x64.Build.0 = Release|x64
		{E13112DD-48EA-4F2F-971A-64A1EA763627}.Ad-Hoc|x64.Deploy.0 = Release|x64
		{E13112DD-48EA-4F2F-971A-64A1EA763627}.Ad-Hoc|x86.ActiveCfg = Release|x86
		{E13112DD-48EA-4F2F-971A-64A1EA763627}.Ad-Hoc|x86.Build.0 = Release|x86
		{E13112DD-48EA-4F2F-971A-64A1EA763627}.Ad-Hoc|x86.Deploy.0 = Release|x86
		{E13112DD-48EA-4F2F-971A-64A1EA763627}.AppStore|Any CPU.ActiveCfg = Release|Any CPU
		{E13112DD-48EA-4F2F-971A-64A1EA763627}.AppStore|Any CPU.Build.0 = Release|Any CPU
		{E13112DD-48EA-4F2F-971A-64A1EA763627}.AppStore|Any CPU.Deploy.0 = Release|Any CPU
		{E13112DD-48EA-4F2F-971A-64A1EA763627}.AppStore|ARM.ActiveCfg = Release|ARM
		{E13112DD-48EA-4F2F-971A-64A1EA763627}.AppStore|ARM.Build.0 = Release|ARM
		{E13112DD-48EA-4F2F-971A-64A1EA763627}.AppStore|ARM.Deploy.0 = Release|ARM
		{E13112DD-48EA-4F2F-971A-64A1EA763627}.AppStore|iPhone.ActiveCfg = Release|Any CPU
		{E13112DD-48EA-4F2F-971A-64A1EA763627}.AppStore|iPhone.Build.0 = Release|Any CPU
		{E13112DD-48EA-4F2F-971A-64A1EA763627}.AppStore|iPhone.Deploy.0 = Release|Any CPU
		{E13112DD-48EA-4F2F-971A-64A1EA763627}.AppStore|iPhoneSimulator.ActiveCfg = Release|Any CPU
		{E13112DD-48EA-4F2F-971A-64A1EA763627}.AppStore|iPhoneSimulator.Build.0 = Release|Any CPU
		{E13112DD-48EA-4F2F-971A-64A1EA763627}.AppStore|iPhoneSimulator.Deploy.0 = Release|Any CPU
		{E13112DD-48EA-4F2F-971A-64A1EA763627}.AppStore|x64.ActiveCfg = Release|x64
		{E13112DD-48EA-4F2F-971A-64A1EA763627}.AppStore|x64.Build.0 = Release|x64
		{E13112DD-48EA-4F2F-971A-64A1EA763627}.AppStore|x64.Deploy.0 = Release|x64
		{E13112DD-48EA-4F2F-971A-64A1EA763627}.AppStore|x86.ActiveCfg = Release|x86
		{E13112DD-48EA-4F2F-971A-64A1EA763627}.AppStore|x86.Build.0 = Release|x86
		{E13112DD-48EA-4F2F-971A-64A1EA763627}.AppStore|x86.Deploy.0 = Release|x86
		{E13112DD-48EA-4F2F-971A-64A1EA763627}.Debug|Any CPU.ActiveCfg = Debug|Any CPU
		{E13112DD-48EA-4F2F-971A-64A1EA763627}.Debug|ARM.ActiveCfg = Debug|ARM
		{E13112DD-48EA-4F2F-971A-64A1EA763627}.Debug|ARM.Build.0 = Debug|ARM
		{E13112DD-48EA-4F2F-971A-64A1EA763627}.Debug|ARM.Deploy.0 = Debug|ARM
		{E13112DD-48EA-4F2F-971A-64A1EA763627}.Debug|iPhone.ActiveCfg = Debug|Any CPU
		{E13112DD-48EA-4F2F-971A-64A1EA763627}.Debug|iPhone.Build.0 = Debug|Any CPU
		{E13112DD-48EA-4F2F-971A-64A1EA763627}.Debug|iPhone.Deploy.0 = Debug|Any CPU
		{E13112DD-48EA-4F2F-971A-64A1EA763627}.Debug|iPhoneSimulator.ActiveCfg = Debug|Any CPU
		{E13112DD-48EA-4F2F-971A-64A1EA763627}.Debug|iPhoneSimulator.Build.0 = Debug|Any CPU
		{E13112DD-48EA-4F2F-971A-64A1EA763627}.Debug|iPhoneSimulator.Deploy.0 = Debug|Any CPU
		{E13112DD-48EA-4F2F-971A-64A1EA763627}.Debug|x64.ActiveCfg = Debug|x64
		{E13112DD-48EA-4F2F-971A-64A1EA763627}.Debug|x64.Build.0 = Debug|x64
		{E13112DD-48EA-4F2F-971A-64A1EA763627}.Debug|x64.Deploy.0 = Debug|x64
		{E13112DD-48EA-4F2F-971A-64A1EA763627}.Debug|x86.ActiveCfg = Debug|x86
		{E13112DD-48EA-4F2F-971A-64A1EA763627}.Debug|x86.Build.0 = Debug|x86
		{E13112DD-48EA-4F2F-971A-64A1EA763627}.Debug|x86.Deploy.0 = Debug|x86
		{E13112DD-48EA-4F2F-971A-64A1EA763627}.Release|Any CPU.ActiveCfg = Release|Any CPU
		{E13112DD-48EA-4F2F-971A-64A1EA763627}.Release|Any CPU.Build.0 = Release|Any CPU
		{E13112DD-48EA-4F2F-971A-64A1EA763627}.Release|Any CPU.Deploy.0 = Release|Any CPU
		{E13112DD-48EA-4F2F-971A-64A1EA763627}.Release|ARM.ActiveCfg = Release|ARM
		{E13112DD-48EA-4F2F-971A-64A1EA763627}.Release|ARM.Build.0 = Release|ARM
		{E13112DD-48EA-4F2F-971A-64A1EA763627}.Release|ARM.Deploy.0 = Release|ARM
		{E13112DD-48EA-4F2F-971A-64A1EA763627}.Release|iPhone.ActiveCfg = Release|Any CPU
		{E13112DD-48EA-4F2F-971A-64A1EA763627}.Release|iPhone.Build.0 = Release|Any CPU
		{E13112DD-48EA-4F2F-971A-64A1EA763627}.Release|iPhone.Deploy.0 = Release|Any CPU
		{E13112DD-48EA-4F2F-971A-64A1EA763627}.Release|iPhoneSimulator.ActiveCfg = Release|Any CPU
		{E13112DD-48EA-4F2F-971A-64A1EA763627}.Release|iPhoneSimulator.Build.0 = Release|Any CPU
		{E13112DD-48EA-4F2F-971A-64A1EA763627}.Release|iPhoneSimulator.Deploy.0 = Release|Any CPU
		{E13112DD-48EA-4F2F-971A-64A1EA763627}.Release|x64.ActiveCfg = Release|x64
		{E13112DD-48EA-4F2F-971A-64A1EA763627}.Release|x64.Build.0 = Release|x64
		{E13112DD-48EA-4F2F-971A-64A1EA763627}.Release|x64.Deploy.0 = Release|x64
		{E13112DD-48EA-4F2F-971A-64A1EA763627}.Release|x86.ActiveCfg = Release|x86
		{E13112DD-48EA-4F2F-971A-64A1EA763627}.Release|x86.Build.0 = Release|x86
		{E13112DD-48EA-4F2F-971A-64A1EA763627}.Release|x86.Deploy.0 = Release|x86
		{2CBB33CC-5C75-4FE2-B2E0-01FF3C941E8C}.Ad-Hoc|Any CPU.ActiveCfg = Release|Any CPU
		{2CBB33CC-5C75-4FE2-B2E0-01FF3C941E8C}.Ad-Hoc|Any CPU.Build.0 = Release|Any CPU
		{2CBB33CC-5C75-4FE2-B2E0-01FF3C941E8C}.Ad-Hoc|ARM.ActiveCfg = Release|Any CPU
		{2CBB33CC-5C75-4FE2-B2E0-01FF3C941E8C}.Ad-Hoc|ARM.Build.0 = Release|Any CPU
		{2CBB33CC-5C75-4FE2-B2E0-01FF3C941E8C}.Ad-Hoc|iPhone.ActiveCfg = Release|Any CPU
		{2CBB33CC-5C75-4FE2-B2E0-01FF3C941E8C}.Ad-Hoc|iPhone.Build.0 = Release|Any CPU
		{2CBB33CC-5C75-4FE2-B2E0-01FF3C941E8C}.Ad-Hoc|iPhoneSimulator.ActiveCfg = Release|Any CPU
		{2CBB33CC-5C75-4FE2-B2E0-01FF3C941E8C}.Ad-Hoc|iPhoneSimulator.Build.0 = Release|Any CPU
		{2CBB33CC-5C75-4FE2-B2E0-01FF3C941E8C}.Ad-Hoc|x64.ActiveCfg = Release|Any CPU
		{2CBB33CC-5C75-4FE2-B2E0-01FF3C941E8C}.Ad-Hoc|x64.Build.0 = Release|Any CPU
		{2CBB33CC-5C75-4FE2-B2E0-01FF3C941E8C}.Ad-Hoc|x86.ActiveCfg = Release|Any CPU
		{2CBB33CC-5C75-4FE2-B2E0-01FF3C941E8C}.Ad-Hoc|x86.Build.0 = Release|Any CPU
		{2CBB33CC-5C75-4FE2-B2E0-01FF3C941E8C}.AppStore|Any CPU.ActiveCfg = Release|Any CPU
		{2CBB33CC-5C75-4FE2-B2E0-01FF3C941E8C}.AppStore|Any CPU.Build.0 = Release|Any CPU
		{2CBB33CC-5C75-4FE2-B2E0-01FF3C941E8C}.AppStore|ARM.ActiveCfg = Release|Any CPU
		{2CBB33CC-5C75-4FE2-B2E0-01FF3C941E8C}.AppStore|ARM.Build.0 = Release|Any CPU
		{2CBB33CC-5C75-4FE2-B2E0-01FF3C941E8C}.AppStore|iPhone.ActiveCfg = Release|Any CPU
		{2CBB33CC-5C75-4FE2-B2E0-01FF3C941E8C}.AppStore|iPhone.Build.0 = Release|Any CPU
		{2CBB33CC-5C75-4FE2-B2E0-01FF3C941E8C}.AppStore|iPhoneSimulator.ActiveCfg = Release|Any CPU
		{2CBB33CC-5C75-4FE2-B2E0-01FF3C941E8C}.AppStore|iPhoneSimulator.Build.0 = Release|Any CPU
		{2CBB33CC-5C75-4FE2-B2E0-01FF3C941E8C}.AppStore|x64.ActiveCfg = Release|Any CPU
		{2CBB33CC-5C75-4FE2-B2E0-01FF3C941E8C}.AppStore|x64.Build.0 = Release|Any CPU
		{2CBB33CC-5C75-4FE2-B2E0-01FF3C941E8C}.AppStore|x86.ActiveCfg = Release|Any CPU
		{2CBB33CC-5C75-4FE2-B2E0-01FF3C941E8C}.AppStore|x86.Build.0 = Release|Any CPU
		{2CBB33CC-5C75-4FE2-B2E0-01FF3C941E8C}.Debug|Any CPU.ActiveCfg = Debug|Any CPU
		{2CBB33CC-5C75-4FE2-B2E0-01FF3C941E8C}.Debug|Any CPU.Build.0 = Debug|Any CPU
		{2CBB33CC-5C75-4FE2-B2E0-01FF3C941E8C}.Debug|ARM.ActiveCfg = Debug|Any CPU
		{2CBB33CC-5C75-4FE2-B2E0-01FF3C941E8C}.Debug|ARM.Build.0 = Debug|Any CPU
		{2CBB33CC-5C75-4FE2-B2E0-01FF3C941E8C}.Debug|iPhone.ActiveCfg = Debug|Any CPU
		{2CBB33CC-5C75-4FE2-B2E0-01FF3C941E8C}.Debug|iPhone.Build.0 = Debug|Any CPU
		{2CBB33CC-5C75-4FE2-B2E0-01FF3C941E8C}.Debug|iPhoneSimulator.ActiveCfg = Debug|Any CPU
		{2CBB33CC-5C75-4FE2-B2E0-01FF3C941E8C}.Debug|iPhoneSimulator.Build.0 = Debug|Any CPU
		{2CBB33CC-5C75-4FE2-B2E0-01FF3C941E8C}.Debug|x64.ActiveCfg = Debug|Any CPU
		{2CBB33CC-5C75-4FE2-B2E0-01FF3C941E8C}.Debug|x64.Build.0 = Debug|Any CPU
		{2CBB33CC-5C75-4FE2-B2E0-01FF3C941E8C}.Debug|x86.ActiveCfg = Debug|Any CPU
		{2CBB33CC-5C75-4FE2-B2E0-01FF3C941E8C}.Debug|x86.Build.0 = Debug|Any CPU
		{2CBB33CC-5C75-4FE2-B2E0-01FF3C941E8C}.Release|Any CPU.ActiveCfg = Release|Any CPU
		{2CBB33CC-5C75-4FE2-B2E0-01FF3C941E8C}.Release|Any CPU.Build.0 = Release|Any CPU
		{2CBB33CC-5C75-4FE2-B2E0-01FF3C941E8C}.Release|ARM.ActiveCfg = Release|Any CPU
		{2CBB33CC-5C75-4FE2-B2E0-01FF3C941E8C}.Release|ARM.Build.0 = Release|Any CPU
		{2CBB33CC-5C75-4FE2-B2E0-01FF3C941E8C}.Release|iPhone.ActiveCfg = Release|Any CPU
		{2CBB33CC-5C75-4FE2-B2E0-01FF3C941E8C}.Release|iPhone.Build.0 = Release|Any CPU
		{2CBB33CC-5C75-4FE2-B2E0-01FF3C941E8C}.Release|iPhoneSimulator.ActiveCfg = Release|Any CPU
		{2CBB33CC-5C75-4FE2-B2E0-01FF3C941E8C}.Release|iPhoneSimulator.Build.0 = Release|Any CPU
		{2CBB33CC-5C75-4FE2-B2E0-01FF3C941E8C}.Release|x64.ActiveCfg = Release|Any CPU
		{2CBB33CC-5C75-4FE2-B2E0-01FF3C941E8C}.Release|x64.Build.0 = Release|Any CPU
		{2CBB33CC-5C75-4FE2-B2E0-01FF3C941E8C}.Release|x86.ActiveCfg = Release|Any CPU
		{2CBB33CC-5C75-4FE2-B2E0-01FF3C941E8C}.Release|x86.Build.0 = Release|Any CPU
	EndGlobalSection
	GlobalSection(SolutionProperties) = preSolution
		HideSolutionNode = FALSE
	EndGlobalSection
EndGlobal
